
Microsoft Visual Studio Solution File, Format Version 12.00
# Visual Studio Version 16
VisualStudioVersion = 16.0.30204.135
MinimumVisualStudioVersion = 10.0.40219.1
Project("{FAE04EC0-301F-11D3-BF4B-00C04F79EFBC}") = "CardBot", "CardBot\CardBot.csproj", "{4BBA5BCD-489C-426D-AF92-5FB8A8E730CD}"
EndProject
Global
	GlobalSection(SolutionConfigurationPlatforms) = preSolution
		Debug|Any CPU = Debug|Any CPU
		Release|Any CPU = Release|Any CPU
	EndGlobalSection
	GlobalSection(ProjectConfigurationPlatforms) = postSolution
		{4BBA5BCD-489C-426D-AF92-5FB8A8E730CD}.Debug|Any CPU.ActiveCfg = Debug|Any CPU
		{4BBA5BCD-489C-426D-AF92-5FB8A8E730CD}.Debug|Any CPU.Build.0 = Debug|Any CPU
		{4BBA5BCD-489C-426D-AF92-5FB8A8E730CD}.Release|Any CPU.ActiveCfg = Release|Any CPU
		{4BBA5BCD-489C-426D-AF92-5FB8A8E730CD}.Release|Any CPU.Build.0 = Release|Any CPU
	EndGlobalSection
	GlobalSection(SolutionProperties) = preSolution
		HideSolutionNode = FALSE
	EndGlobalSection
	GlobalSection(ExtensibilityGlobals) = postSolution
		SolutionGuid = {542A0613-89DA-466C-B35D-DA1605E3AEF5}
	EndGlobalSection
EndGlobal
